
Microsoft Visual Studio Solution File, Format Version 12.00
# Visual Studio Version 17
VisualStudioVersion = 17.7.34031.279
MinimumVisualStudioVersion = 10.0.40219.1
Project("{FAE04EC0-301F-11D3-BF4B-00C04F79EFBC}") = "OOP_Lab3.2", "OOP_Lab3.2\OOP_Lab3.2.csproj", "{42E15BED-50A5-4F27-8361-2BF895399C75}"
EndProject
Global
	GlobalSection(SolutionConfigurationPlatforms) = preSolution
		Debug|Any CPU = Debug|Any CPU
		Release|Any CPU = Release|Any CPU
	EndGlobalSection
	GlobalSection(ProjectConfigurationPlatforms) = postSolution
		{42E15BED-50A5-4F27-8361-2BF895399C75}.Debug|Any CPU.ActiveCfg = Debug|Any CPU
		{42E15BED-50A5-4F27-8361-2BF895399C75}.Debug|Any CPU.Build.0 = Debug|Any CPU
		{42E15BED-50A5-4F27-8361-2BF895399C75}.Release|Any CPU.ActiveCfg = Release|Any CPU
		{42E15BED-50A5-4F27-8361-2BF895399C75}.Release|Any CPU.Build.0 = Release|Any CPU
	EndGlobalSection
	GlobalSection(SolutionProperties) = preSolution
		HideSolutionNode = FALSE
	EndGlobalSection
	GlobalSection(ExtensibilityGlobals) = postSolution
		SolutionGuid = {5492B1EC-C630-4122-9E3E-0A16BF872A71}
	EndGlobalSection
EndGlobal
